
Microsoft Visual Studio Solution File, Format Version 12.00
Project("{FAE04EC0-301F-11D3-BF4B-00C04F79EFBC}") = "PhoneBook", "PhoneBook\PhoneBook.csproj", "{9AD3099E-EC6B-434D-AC61-B0C0A5417547}"
EndProject
Project("{2150E333-8FDC-42A3-9474-1A3956D46DE8}") = "Solution Items", "Solution Items", "{5F9489B7-2679-474D-A0D5-C714BB7FC6BD}"
	ProjectSection(SolutionItems) = preProject
		compose.yaml = compose.yaml
	EndProjectSection
EndProject
Project("{FAE04EC0-301F-11D3-BF4B-00C04F79EFBC}") = "PhoneBook.UnitTests", "PhoneBook.UnitTests\PhoneBook.UnitTests.csproj", "{A0168BA8-79D8-4718-80F2-0A812E2144C2}"
EndProject
Global
	GlobalSection(SolutionConfigurationPlatforms) = preSolution
		Debug|Any CPU = Debug|Any CPU
		Release|Any CPU = Release|Any CPU
	EndGlobalSection
	GlobalSection(ProjectConfigurationPlatforms) = postSolution
		{9AD3099E-EC6B-434D-AC61-B0C0A5417547}.Debug|Any CPU.ActiveCfg = Debug|Any CPU
		{9AD3099E-EC6B-434D-AC61-B0C0A5417547}.Debug|Any CPU.Build.0 = Debug|Any CPU
		{9AD3099E-EC6B-434D-AC61-B0C0A5417547}.Release|Any CPU.ActiveCfg = Release|Any CPU
		{9AD3099E-EC6B-434D-AC61-B0C0A5417547}.Release|Any CPU.Build.0 = Release|Any CPU
		{A0168BA8-79D8-4718-80F2-0A812E2144C2}.Debug|Any CPU.ActiveCfg = Debug|Any CPU
		{A0168BA8-79D8-4718-80F2-0A812E2144C2}.Debug|Any CPU.Build.0 = Debug|Any CPU
		{A0168BA8-79D8-4718-80F2-0A812E2144C2}.Release|Any CPU.ActiveCfg = Release|Any CPU
		{A0168BA8-79D8-4718-80F2-0A812E2144C2}.Release|Any CPU.Build.0 = Release|Any CPU
	EndGlobalSection
EndGlobal
